// !$*UTF8*$!
{
	archiveVersion = 1;
	classes = {
	};
	objectVersion = 50;
	objects = {

/* Begin PBXBuildFile section */
		FFD94F2D24056BEB008727F4 /* AppDelegate.swift in Sources */ = {isa = PBXBuildFile; fileRef = FFD94F2C24056BEB008727F4 /* AppDelegate.swift */; };
		FFD94F2F24056BEB008727F4 /* SceneDelegate.swift in Sources */ = {isa = PBXBuildFile; fileRef = FFD94F2E24056BEB008727F4 /* SceneDelegate.swift */; };
		FFD94F3124056BEB008727F4 /* ViewController.swift in Sources */ = {isa = PBXBuildFile; fileRef = FFD94F3024056BEB008727F4 /* ViewController.swift */; };
		FFD94F3424056BEB008727F4 /* Main.storyboard in Resources */ = {isa = PBXBuildFile; fileRef = FFD94F3224056BEB008727F4 /* Main.storyboard */; };
		FFD94F3624056BED008727F4 /* Assets.xcassets in Resources */ = {isa = PBXBuildFile; fileRef = FFD94F3524056BED008727F4 /* Assets.xcassets */; };
		FFD94F3924056BED008727F4 /* LaunchScreen.storyboard in Resources */ = {isa = PBXBuildFile; fileRef = FFD94F3724056BED008727F4 /* LaunchScreen.storyboard */; };
		FFD94F4424056BED008727F4 /* TinderTests.swift in Sources */ = {isa = PBXBuildFile; fileRef = FFD94F4324056BED008727F4 /* TinderTests.swift */; };
		FFD94F4F24056BED008727F4 /* TinderUITests.swift in Sources */ = {isa = PBXBuildFile; fileRef = FFD94F4E24056BED008727F4 /* TinderUITests.swift */; };
/* End PBXBuildFile section */

/* Begin PBXContainerItemProxy section */
		FFD94F4024056BED008727F4 /* PBXContainerItemProxy */ = {
			isa = PBXContainerItemProxy;
			containerPortal = FFD94F2124056BEB008727F4 /* Project object */;
			proxyType = 1;
			remoteGlobalIDString = FFD94F2824056BEB008727F4;
			remoteInfo = Tinder;
		};
		FFD94F4B24056BED008727F4 /* PBXContainerItemProxy */ = {
			isa = PBXContainerItemProxy;
			containerPortal = FFD94F2124056BEB008727F4 /* Project object */;
			proxyType = 1;
			remoteGlobalIDString = FFD94F2824056BEB008727F4;
			remoteInfo = Tinder;
		};
/* End PBXContainerItemProxy section */

/* Begin PBXFileReference section */
		FFD94F2924056BEB008727F4 /* Tinder.app */ = {isa = PBXFileReference; explicitFileType = wrapper.application; includeInIndex = 0; path = Tinder.app; sourceTree = BUILT_PRODUCTS_DIR; };
		FFD94F2C24056BEB008727F4 /* AppDelegate.swift */ = {isa = PBXFileReference; lastKnownFileType = sourcecode.swift; path = AppDelegate.swift; sourceTree = "<group>"; };
		FFD94F2E24056BEB008727F4 /* SceneDelegate.swift */ = {isa = PBXFileReference; lastKnownFileType = sourcecode.swift; path = SceneDelegate.swift; sourceTree = "<group>"; };
		FFD94F3024056BEB008727F4 /* ViewController.swift */ = {isa = PBXFileReference; lastKnownFileType = sourcecode.swift; path = ViewController.swift; sourceTree = "<group>"; };
		FFD94F3324056BEB008727F4 /* Base */ = {isa = PBXFileReference; lastKnownFileType = file.storyboard; name = Base; path = Base.lproj/Main.storyboard; sourceTree = "<group>"; };
		FFD94F3524056BED008727F4 /* Assets.xcassets */ = {isa = PBXFileReference; lastKnownFileType = folder.assetcatalog; path = Assets.xcassets; sourceTree = "<group>"; };
		FFD94F3824056BED008727F4 /* Base */ = {isa = PBXFileReference; lastKnownFileType = file.storyboard; name = Base; path = Base.lproj/LaunchScreen.storyboard; sourceTree = "<group>"; };
		FFD94F3A24056BED008727F4 /* Info.plist */ = {isa = PBXFileReference; lastKnownFileType = text.plist.xml; path = Info.plist; sourceTree = "<group>"; };
		FFD94F3F24056BED008727F4 /* TinderTests.xctest */ = {isa = PBXFileReference; explicitFileType = wrapper.cfbundle; includeInIndex = 0; path = TinderTests.xctest; sourceTree = BUILT_PRODUCTS_DIR; };
		FFD94F4324056BED008727F4 /* TinderTests.swift */ = {isa = PBXFileReference; lastKnownFileType = sourcecode.swift; path = TinderTests.swift; sourceTree = "<group>"; };
		FFD94F4524056BED008727F4 /* Info.plist */ = {isa = PBXFileReference; lastKnownFileType = text.plist.xml; path = Info.plist; sourceTree = "<group>"; };
		FFD94F4A24056BED008727F4 /* TinderUITests.xctest */ = {isa = PBXFileReference; explicitFileType = wrapper.cfbundle; includeInIndex = 0; path = TinderUITests.xctest; sourceTree = BUILT_PRODUCTS_DIR; };
		FFD94F4E24056BED008727F4 /* TinderUITests.swift */ = {isa = PBXFileReference; lastKnownFileType = sourcecode.swift; path = TinderUITests.swift; sourceTree = "<group>"; };
		FFD94F5024056BED008727F4 /* Info.plist */ = {isa = PBXFileReference; lastKnownFileType = text.plist.xml; path = Info.plist; sourceTree = "<group>"; };
/* End PBXFileReference section */

/* Begin PBXFrameworksBuildPhase section */
		FFD94F2624056BEB008727F4 /* Frameworks */ = {
			isa = PBXFrameworksBuildPhase;
			buildActionMask = 2147483647;
			files = (
			);
			runOnlyForDeploymentPostprocessing = 0;
		};
		FFD94F3C24056BED008727F4 /* Frameworks */ = {
			isa = PBXFrameworksBuildPhase;
			buildActionMask = 2147483647;
			files = (
			);
			runOnlyForDeploymentPostprocessing = 0;
		};
		FFD94F4724056BED008727F4 /* Frameworks */ = {
			isa = PBXFrameworksBuildPhase;
			buildActionMask = 2147483647;
			files = (
			);
			runOnlyForDeploymentPostprocessing = 0;
		};
/* End PBXFrameworksBuildPhase section */

/* Begin PBXGroup section */
		FFD94F2024056BEB008727F4 = {
			isa = PBXGroup;
			children = (
				FFD94F2B24056BEB008727F4 /* Tinder */,
				FFD94F4224056BED008727F4 /* TinderTests */,
				FFD94F4D24056BED008727F4 /* TinderUITests */,
				FFD94F2A24056BEB008727F4 /* Products */,
			);
			sourceTree = "<group>";
		};
		FFD94F2A24056BEB008727F4 /* Products */ = {
			isa = PBXGroup;
			children = (
				FFD94F2924056BEB008727F4 /* Tinder.app */,
				FFD94F3F24056BED008727F4 /* TinderTests.xctest */,
				FFD94F4A24056BED008727F4 /* TinderUITests.xctest */,
			);
			name = Products;
			sourceTree = "<group>";
		};
		FFD94F2B24056BEB008727F4 /* Tinder */ = {
			isa = PBXGroup;
			children = (
				FFD94F2C24056BEB008727F4 /* AppDelegate.swift */,
				FFD94F2E24056BEB008727F4 /* SceneDelegate.swift */,
				FFD94F3024056BEB008727F4 /* ViewController.swift */,
				FFD94F3224056BEB008727F4 /* Main.storyboard */,
				FFD94F3524056BED008727F4 /* Assets.xcassets */,
				FFD94F3724056BED008727F4 /* LaunchScreen.storyboard */,
				FFD94F3A24056BED008727F4 /* Info.plist */,
			);
			path = Tinder;
			sourceTree = "<group>";
		};
		FFD94F4224056BED008727F4 /* TinderTests */ = {
			isa = PBXGroup;
			children = (
				FFD94F4324056BED008727F4 /* TinderTests.swift */,
				FFD94F4524056BED008727F4 /* Info.plist */,
			);
			path = TinderTests;
			sourceTree = "<group>";
		};
		FFD94F4D24056BED008727F4 /* TinderUITests */ = {
			isa = PBXGroup;
			children = (
				FFD94F4E24056BED008727F4 /* TinderUITests.swift */,
				FFD94F5024056BED008727F4 /* Info.plist */,
			);
			path = TinderUITests;
			sourceTree = "<group>";
		};
/* End PBXGroup section */

/* Begin PBXNativeTarget section */
		FFD94F2824056BEB008727F4 /* Tinder */ = {
			isa = PBXNativeTarget;
			buildConfigurationList = FFD94F5324056BED008727F4 /* Build configuration list for PBXNativeTarget "Tinder" */;
			buildPhases = (
				FFD94F2524056BEB008727F4 /* Sources */,
				FFD94F2624056BEB008727F4 /* Frameworks */,
				FFD94F2724056BEB008727F4 /* Resources */,
			);
			buildRules = (
			);
			dependencies = (
			);
			name = Tinder;
			productName = Tinder;
			productReference = FFD94F2924056BEB008727F4 /* Tinder.app */;
			productType = "com.apple.product-type.application";
		};
		FFD94F3E24056BED008727F4 /* TinderTests */ = {
			isa = PBXNativeTarget;
			buildConfigurationList = FFD94F5624056BED008727F4 /* Build configuration list for PBXNativeTarget "TinderTests" */;
			buildPhases = (
				FFD94F3B24056BED008727F4 /* Sources */,
				FFD94F3C24056BED008727F4 /* Frameworks */,
				FFD94F3D24056BED008727F4 /* Resources */,
			);
			buildRules = (
			);
			dependencies = (
				FFD94F4124056BED008727F4 /* PBXTargetDependency */,
			);
			name = TinderTests;
			productName = TinderTests;
			productReference = FFD94F3F24056BED008727F4 /* TinderTests.xctest */;
			productType = "com.apple.product-type.bundle.unit-test";
		};
		FFD94F4924056BED008727F4 /* TinderUITests */ = {
			isa = PBXNativeTarget;
			buildConfigurationList = FFD94F5924056BED008727F4 /* Build configuration list for PBXNativeTarget "TinderUITests" */;
			buildPhases = (
				FFD94F4624056BED008727F4 /* Sources */,
				FFD94F4724056BED008727F4 /* Frameworks */,
				FFD94F4824056BED008727F4 /* Resources */,
			);
			buildRules = (
			);
			dependencies = (
				FFD94F4C24056BED008727F4 /* PBXTargetDependency */,
			);
			name = TinderUITests;
			productName = TinderUITests;
			productReference = FFD94F4A24056BED008727F4 /* TinderUITests.xctest */;
			productType = "com.apple.product-type.bundle.ui-testing";
		};
/* End PBXNativeTarget section */

/* Begin PBXProject section */
		FFD94F2124056BEB008727F4 /* Project object */ = {
			isa = PBXProject;
			attributes = {
				LastSwiftUpdateCheck = 1130;
				LastUpgradeCheck = 1130;
				ORGANIZATIONNAME = "丹下敦矢";
				TargetAttributes = {
					FFD94F2824056BEB008727F4 = {
						CreatedOnToolsVersion = 11.3.1;
					};
					FFD94F3E24056BED008727F4 = {
						CreatedOnToolsVersion = 11.3.1;
						TestTargetID = FFD94F2824056BEB008727F4;
					};
					FFD94F4924056BED008727F4 = {
						CreatedOnToolsVersion = 11.3.1;
						TestTargetID = FFD94F2824056BEB008727F4;
					};
				};
			};
			buildConfigurationList = FFD94F2424056BEB008727F4 /* Build configuration list for PBXProject "Tinder" */;
			compatibilityVersion = "Xcode 9.3";
			developmentRegion = en;
			hasScannedForEncodings = 0;
			knownRegions = (
				en,
				Base,
			);
			mainGroup = FFD94F2024056BEB008727F4;
			productRefGroup = FFD94F2A24056BEB008727F4 /* Products */;
			projectDirPath = "";
			projectRoot = "";
			targets = (
				FFD94F2824056BEB008727F4 /* Tinder */,
				FFD94F3E24056BED008727F4 /* TinderTests */,
				FFD94F4924056BED008727F4 /* TinderUITests */,
			);
		};
/* End PBXProject section */

/* Begin PBXResourcesBuildPhase section */
		FFD94F2724056BEB008727F4 /* Resources */ = {
			isa = PBXResourcesBuildPhase;
			buildActionMask = 2147483647;
			files = (
				FFD94F3924056BED008727F4 /* LaunchScreen.storyboard in Resources */,
				FFD94F3624056BED008727F4 /* Assets.xcassets in Resources */,
				FFD94F3424056BEB008727F4 /* Main.storyboard in Resources */,
			);
			runOnlyForDeploymentPostprocessing = 0;
		};
		FFD94F3D24056BED008727F4 /* Resources */ = {
			isa = PBXResourcesBuildPhase;
			buildActionMask = 2147483647;
			files = (
			);
			runOnlyForDeploymentPostprocessing = 0;
		};
		FFD94F4824056BED008727F4 /* Resources */ = {
			isa = PBXResourcesBuildPhase;
			buildActionMask = 2147483647;
			files = (
			);
			runOnlyForDeploymentPostprocessing = 0;
		};
/* End PBXResourcesBuildPhase section */

/* Begin PBXSourcesBuildPhase section */
		FFD94F2524056BEB008727F4 /* Sources */ = {
			isa = PBXSourcesBuildPhase;
			buildActionMask = 2147483647;
			files = (
				FFD94F3124056BEB008727F4 /* ViewController.swift in Sources */,
				FFD94F2D24056BEB008727F4 /* AppDelegate.swift in Sources */,
				FFD94F2F24056BEB008727F4 /* SceneDelegate.swift in Sources */,
			);
			runOnlyForDeploymentPostprocessing = 0;
		};
		FFD94F3B24056BED008727F4 /* Sources */ = {
			isa = PBXSourcesBuildPhase;
			buildActionMask = 2147483647;
			files = (
				FFD94F4424056BED008727F4 /* TinderTests.swift in Sources */,
			);
			runOnlyForDeploymentPostprocessing = 0;
		};
		FFD94F4624056BED008727F4 /* Sources */ = {
			isa = PBXSourcesBuildPhase;
			buildActionMask = 2147483647;
			files = (
				FFD94F4F24056BED008727F4 /* TinderUITests.swift in Sources */,
			);
			runOnlyForDeploymentPostprocessing = 0;
		};
/* End PBXSourcesBuildPhase section */

/* Begin PBXTargetDependency section */
		FFD94F4124056BED008727F4 /* PBXTargetDependency */ = {
			isa = PBXTargetDependency;
			target = FFD94F2824056BEB008727F4 /* Tinder */;
			targetProxy = FFD94F4024056BED008727F4 /* PBXContainerItemProxy */;
		};
		FFD94F4C24056BED008727F4 /* PBXTargetDependency */ = {
			isa = PBXTargetDependency;
			target = FFD94F2824056BEB008727F4 /* Tinder */;
			targetProxy = FFD94F4B24056BED008727F4 /* PBXContainerItemProxy */;
		};
/* End PBXTargetDependency section */

/* Begin PBXVariantGroup section */
		FFD94F3224056BEB008727F4 /* Main.storyboard */ = {
			isa = PBXVariantGroup;
			children = (
				FFD94F3324056BEB008727F4 /* Base */,
			);
			name = Main.storyboard;
			sourceTree = "<group>";
		};
		FFD94F3724056BED008727F4 /* LaunchScreen.storyboard */ = {
			isa = PBXVariantGroup;
			children = (
				FFD94F3824056BED008727F4 /* Base */,
			);
			name = LaunchScreen.storyboard;
			sourceTree = "<group>";
		};
/* End PBXVariantGroup section */

/* Begin XCBuildConfiguration section */
		FFD94F5124056BED008727F4 /* Debug */ = {
			isa = XCBuildConfiguration;
			buildSettings = {
				ALWAYS_SEARCH_USER_PATHS = NO;
				CLANG_ANALYZER_NONNULL = YES;
				CLANG_ANALYZER_NUMBER_OBJECT_CONVERSION = YES_AGGRESSIVE;
				CLANG_CXX_LANGUAGE_STANDARD = "gnu++14";
				CLANG_CXX_LIBRARY = "libc++";
				CLANG_ENABLE_MODULES = YES;
				CLANG_ENABLE_OBJC_ARC = YES;
				CLANG_ENABLE_OBJC_WEAK = YES;
				CLANG_WARN_BLOCK_CAPTURE_AUTORELEASING = YES;
				CLANG_WARN_BOOL_CONVERSION = YES;
				CLANG_WARN_COMMA = YES;
				CLANG_WARN_CONSTANT_CONVERSION = YES;
				CLANG_WARN_DEPRECATED_OBJC_IMPLEMENTATIONS = YES;
				CLANG_WARN_DIRECT_OBJC_ISA_USAGE = YES_ERROR;
				CLANG_WARN_DOCUMENTATION_COMMENTS = YES;
				CLANG_WARN_EMPTY_BODY = YES;
				CLANG_WARN_ENUM_CONVERSION = YES;
				CLANG_WARN_INFINITE_RECURSION = YES;
				CLANG_WARN_INT_CONVERSION = YES;
				CLANG_WARN_NON_LITERAL_NULL_CONVERSION = YES;
				CLANG_WARN_OBJC_IMPLICIT_RETAIN_SELF = YES;
				CLANG_WARN_OBJC_LITERAL_CONVERSION = YES;
				CLANG_WARN_OBJC_ROOT_CLASS = YES_ERROR;
				CLANG_WARN_RANGE_LOOP_ANALYSIS = YES;
				CLANG_WARN_STRICT_PROTOTYPES = YES;
				CLANG_WARN_SUSPICIOUS_MOVE = YES;
				CLANG_WARN_UNGUARDED_AVAILABILITY = YES_AGGRESSIVE;
				CLANG_WARN_UNREACHABLE_CODE = YES;
				CLANG_WARN__DUPLICATE_METHOD_MATCH = YES;
				COPY_PHASE_STRIP = NO;
				DEBUG_INFORMATION_FORMAT = dwarf;
				ENABLE_STRICT_OBJC_MSGSEND = YES;
				ENABLE_TESTABILITY = YES;
				GCC_C_LANGUAGE_STANDARD = gnu11;
				GCC_DYNAMIC_NO_PIC = NO;
				GCC_NO_COMMON_BLOCKS = YES;
				GCC_OPTIMIZATION_LEVEL = 0;
				GCC_PREPROCESSOR_DEFINITIONS = (
					"DEBUG=1",
					"$(inherited)",
				);
				GCC_WARN_64_TO_32_BIT_CONVERSION = YES;
				GCC_WARN_ABOUT_RETURN_TYPE = YES_ERROR;
				GCC_WARN_UNDECLARED_SELECTOR = YES;
				GCC_WARN_UNINITIALIZED_AUTOS = YES_AGGRESSIVE;
				GCC_WARN_UNUSED_FUNCTION = YES;
				GCC_WARN_UNUSED_VARIABLE = YES;
				IPHONEOS_DEPLOYMENT_TARGET = 13.2;
				MTL_ENABLE_DEBUG_INFO = INCLUDE_SOURCE;
				MTL_FAST_MATH = YES;
				ONLY_ACTIVE_ARCH = YES;
				SDKROOT = iphoneos;
				SWIFT_ACTIVE_COMPILATION_CONDITIONS = DEBUG;
				SWIFT_OPTIMIZATION_LEVEL = "-Onone";
			};
			name = Debug;
		};
		FFD94F5224056BED008727F4 /* Release */ = {
			isa = XCBuildConfiguration;
			buildSettings = {
				ALWAYS_SEARCH_USER_PATHS = NO;
				CLANG_ANALYZER_NONNULL = YES;
				CLANG_ANALYZER_NUMBER_OBJECT_CONVERSION = YES_AGGRESSIVE;
				CLANG_CXX_LANGUAGE_STANDARD = "gnu++14";
				CLANG_CXX_LIBRARY = "libc++";
				CLANG_ENABLE_MODULES = YES;
				CLANG_ENABLE_OBJC_ARC = YES;
				CLANG_ENABLE_OBJC_WEAK = YES;
				CLANG_WARN_BLOCK_CAPTURE_AUTORELEASING = YES;
				CLANG_WARN_BOOL_CONVERSION = YES;
				CLANG_WARN_COMMA = YES;
				CLANG_WARN_CONSTANT_CONVERSION = YES;
				CLANG_WARN_DEPRECATED_OBJC_IMPLEMENTATIONS = YES;
				CLANG_WARN_DIRECT_OBJC_ISA_USAGE = YES_ERROR;
				CLANG_WARN_DOCUMENTATION_COMMENTS = YES;
				CLANG_WARN_EMPTY_BODY = YES;
				CLANG_WARN_ENUM_CONVERSION = YES;
				CLANG_WARN_INFINITE_RECURSION = YES;
				CLANG_WARN_INT_CONVERSION = YES;
				CLANG_WARN_NON_LITERAL_NULL_CONVERSION = YES;
				CLANG_WARN_OBJC_IMPLICIT_RETAIN_SELF = YES;
				CLANG_WARN_OBJC_LITERAL_CONVERSION = YES;
				CLANG_WARN_OBJC_ROOT_CLASS = YES_ERROR;
				CLANG_WARN_RANGE_LOOP_ANALYSIS = YES;
				CLANG_WARN_STRICT_PROTOTYPES = YES;
				CLANG_WARN_SUSPICIOUS_MOVE = YES;
				CLANG_WARN_UNGUARDED_AVAILABILITY = YES_AGGRESSIVE;
				CLANG_WARN_UNREACHABLE_CODE = YES;
				CLANG_WARN__DUPLICATE_METHOD_MATCH = YES;
				COPY_PHASE_STRIP = NO;
				DEBUG_INFORMATION_FORMAT = "dwarf-with-dsym";
				ENABLE_NS_ASSERTIONS = NO;
				ENABLE_STRICT_OBJC_MSGSEND = YES;
				GCC_C_LANGUAGE_STANDARD = gnu11;
				GCC_NO_COMMON_BLOCKS = YES;
				GCC_WARN_64_TO_32_BIT_CONVERSION = YES;
				GCC_WARN_ABOUT_RETURN_TYPE = YES_ERROR;
				GCC_WARN_UNDECLARED_SELECTOR = YES;
				GCC_WARN_UNINITIALIZED_AUTOS = YES_AGGRESSIVE;
				GCC_WARN_UNUSED_FUNCTION = YES;
				GCC_WARN_UNUSED_VARIABLE = YES;
				IPHONEOS_DEPLOYMENT_TARGET = 13.2;
				MTL_ENABLE_DEBUG_INFO = NO;
				MTL_FAST_MATH = YES;
				SDKROOT = iphoneos;
				SWIFT_COMPILATION_MODE = wholemodule;
				SWIFT_OPTIMIZATION_LEVEL = "-O";
				VALIDATE_PRODUCT = YES;
			};
			name = Release;
		};
		FFD94F5424056BED008727F4 /* Debug */ = {
			isa = XCBuildConfiguration;
			buildSettings = {
				ASSETCATALOG_COMPILER_APPICON_NAME = AppIcon;
				CODE_SIGN_STYLE = Automatic;
				INFOPLIST_FILE = Tinder/Info.plist;
				LD_RUNPATH_SEARCH_PATHS = (
					"$(inherited)",
					"@executable_path/Frameworks",
				);
				PRODUCT_BUNDLE_IDENTIFIER = com.tange.Tinder;
				PRODUCT_NAME = "$(TARGET_NAME)";
				SWIFT_VERSION = 5.0;
				TARGETED_DEVICE_FAMILY = "1,2";
			};
			name = Debug;
		};
		FFD94F5524056BED008727F4 /* Release */ = {
			isa = XCBuildConfiguration;
			buildSettings = {
				ASSETCATALOG_COMPILER_APPICON_NAME = AppIcon;
				CODE_SIGN_STYLE = Automatic;
				INFOPLIST_FILE = Tinder/Info.plist;
				LD_RUNPATH_SEARCH_PATHS = (
					"$(inherited)",
					"@executable_path/Frameworks",
				);
				PRODUCT_BUNDLE_IDENTIFIER = com.tange.Tinder;
				PRODUCT_NAME = "$(TARGET_NAME)";
				SWIFT_VERSION = 5.0;
				TARGETED_DEVICE_FAMILY = "1,2";
			};
			name = Release;
		};
		FFD94F5724056BED008727F4 /* Debug */ = {
			isa = XCBuildConfiguration;
			buildSettings = {
				ALWAYS_EMBED_SWIFT_STANDARD_LIBRARIES = YES;
				BUNDLE_LOADER = "$(TEST_HOST)";
				CODE_SIGN_STYLE = Automatic;
				INFOPLIST_FILE = TinderTests/Info.plist;
				IPHONEOS_DEPLOYMENT_TARGET = 13.2;
				LD_RUNPATH_SEARCH_PATHS = (
					"$(inherited)",
					"@executable_path/Frameworks",
					"@loader_path/Frameworks",
				);
				PRODUCT_BUNDLE_IDENTIFIER = com.tange.TinderTests;
				PRODUCT_NAME = "$(TARGET_NAME)";
				SWIFT_VERSION = 5.0;
				TARGETED_DEVICE_FAMILY = "1,2";
				TEST_HOST = "$(BUILT_PRODUCTS_DIR)/Tinder.app/Tinder";
			};
			name = Debug;
		};
		FFD94F5824056BED008727F4 /* Release */ = {
			isa = XCBuildConfiguration;
			buildSettings = {
				ALWAYS_EMBED_SWIFT_STANDARD_LIBRARIES = YES;
				BUNDLE_LOADER = "$(TEST_HOST)";
				CODE_SIGN_STYLE = Automatic;
				INFOPLIST_FILE = TinderTests/Info.plist;
				IPHONEOS_DEPLOYMENT_TARGET = 13.2;
				LD_RUNPATH_SEARCH_PATHS = (
					"$(inherited)",
					"@executable_path/Frameworks",
					"@loader_path/Frameworks",
				);
				PRODUCT_BUNDLE_IDENTIFIER = com.tange.TinderTests;
				PRODUCT_NAME = "$(TARGET_NAME)";
				SWIFT_VERSION = 5.0;
				TARGETED_DEVICE_FAMILY = "1,2";
				TEST_HOST = "$(BUILT_PRODUCTS_DIR)/Tinder.app/Tinder";
			};
			name = Release;
		};
		FFD94F5A24056BED008727F4 /* Debug */ = {
			isa = XCBuildConfiguration;
			buildSettings = {
				ALWAYS_EMBED_SWIFT_STANDARD_LIBRARIES = YES;
				CODE_SIGN_STYLE = Automatic;
				INFOPLIST_FILE = TinderUITests/Info.plist;
				LD_RUNPATH_SEARCH_PATHS = (
					"$(inherited)",
					"@executable_path/Frameworks",
					"@loader_path/Frameworks",
				);
				PRODUCT_BUNDLE_IDENTIFIER = com.tange.TinderUITests;
				PRODUCT_NAME = "$(TARGET_NAME)";
				SWIFT_VERSION = 5.0;
				TARGETED_DEVICE_FAMILY = "1,2";
				TEST_TARGET_NAME = Tinder;
			};
			name = Debug;
		};
		FFD94F5B24056BED008727F4 /* Release */ = {
			isa = XCBuildConfiguration;
			buildSettings = {
				ALWAYS_EMBED_SWIFT_STANDARD_LIBRARIES = YES;
				CODE_SIGN_STYLE = Automatic;
				INFOPLIST_FILE = TinderUITests/Info.plist;
				LD_RUNPATH_SEARCH_PATHS = (
					"$(inherited)",
					"@executable_path/Frameworks",
					"@loader_path/Frameworks",
				);
				PRODUCT_BUNDLE_IDENTIFIER = com.tange.TinderUITests;
				PRODUCT_NAME = "$(TARGET_NAME)";
				SWIFT_VERSION = 5.0;
				TARGETED_DEVICE_FAMILY = "1,2";
				TEST_TARGET_NAME = Tinder;
			};
			name = Release;
		};
/* End XCBuildConfiguration section */

/* Begin XCConfigurationList section */
		FFD94F2424056BEB008727F4 /* Build configuration list for PBXProject "Tinder" */ = {
			isa = XCConfigurationList;
			buildConfigurations = (
				FFD94F5124056BED008727F4 /* Debug */,
				FFD94F5224056BED008727F4 /* Release */,
			);
			defaultConfigurationIsVisible = 0;
			defaultConfigurationName = Release;
		};
		FFD94F5324056BED008727F4 /* Build configuration list for PBXNativeTarget "Tinder" */ = {
			isa = XCConfigurationList;
			buildConfigurations = (
				FFD94F5424056BED008727F4 /* Debug */,
				FFD94F5524056BED008727F4 /* Release */,
			);
			defaultConfigurationIsVisible = 0;
			defaultConfigurationName = Release;
		};
		FFD94F5624056BED008727F4 /* Build configuration list for PBXNativeTarget "TinderTests" */ = {
			isa = XCConfigurationList;
			buildConfigurations = (
				FFD94F5724056BED008727F4 /* Debug */,
				FFD94F5824056BED008727F4 /* Release */,
			);
			defaultConfigurationIsVisible = 0;
			defaultConfigurationName = Release;
		};
		FFD94F5924056BED008727F4 /* Build configuration list for PBXNativeTarget "TinderUITests" */ = {
			isa = XCConfigurationList;
			buildConfigurations = (
				FFD94F5A24056BED008727F4 /* Debug */,
				FFD94F5B24056BED008727F4 /* Release */,
			);
			defaultConfigurationIsVisible = 0;
			defaultConfigurationName = Release;
		};
/* End XCConfigurationList section */
	};
	rootObject = FFD94F2124056BEB008727F4 /* Project object */;
}
